# Generated by move; do not edit
# This file should be checked in.

[move]
version = 4

[pinned.testnet_stillness.MoveStdlib]
source = { git = "https://github.com/MystenLabs/sui.git", subdir = "crates/sui-framework/packages/move-stdlib", rev = "b124567746b3a78a7e294ac2de265f693401ec9d" }
use_environment = "testnet_stillness"
manifest_digest = "C4FE4C91DE74CBF223B2E380AE40F592177D21870DC2D7EB6227D2D694E05363"
deps = {}

[pinned.testnet_stillness.Sui]
source = { git = "https://github.com/MystenLabs/sui.git", subdir = "crates/sui-framework/packages/sui-framework", rev = "b124567746b3a78a7e294ac2de265f693401ec9d" }
use_environment = "testnet_stillness"
manifest_digest = "38D8855849DF7CA0FAD3B9510DD9EC3755149F5B283E45CA6547194ADFF90D73"
deps = { MoveStdlib = "MoveStdlib" }

[pinned.testnet_stillness.cradleos]
source = { root = true }
use_environment = "testnet_stillness"
manifest_digest = "CF0A2F9354062BBF9E2E876CBC5ACA5D4903BD235C60C5064415BF1B841D7333"
deps = { std = "MoveStdlib", sui = "Sui", world = "world" }

[pinned.testnet_stillness.world]
source = { local = "../world-contracts/contracts/world" }
use_environment = "testnet_stillness"
manifest_digest = "16363423CD37589C5B9A56E3F9E984FED988276E0134635135B45CB4480A9484"
deps = { std = "MoveStdlib", sui = "Sui" }
